<?xml version="1.0" encoding="utf-8"?>
<Project ToolsVersion="4.0" xmlns="http://schemas.microsoft.com/developer/msbuild/2003">
  <ItemGroup>
    <Filter Include="Source Files">
      <UniqueIdentifier>{4FC737F1-C7A5-4376-A066-2A32D752A2FF}</UniqueIdentifier>
      <Extensions>cpp;c;cc;cxx;def;odl;idl;hpj;bat;asm;asmx</Extensions>
    </Filter>
    <Filter Include="Header Files">
      <UniqueIdentifier>{93995380-89BD-4b04-88EB-625FBE52EBFB}</UniqueIdentifier>
      <Extensions>h;hpp;hxx;hm;inl;inc;xsd</Extensions>
    </Filter>
    <Filter Include="Resource Files">
      <UniqueIdentifier>{67DA6AB6-F800-4c08-8B7A-83BB121AAD01}</UniqueIdentifier>
      <Extensions>rc;ico;cur;bmp;dlg;rc2;rct;bin;rgs;gif;jpg;jpeg;jpe;resx;tiff;tif;png;wav;mfcribbon-ms</Extensions>
    </Filter>
    <Filter Include="MT sources">
      <UniqueIdentifier>{67a53363-2e5b-4eb3-b5a3-857ad7c0e634}</UniqueIdentifier>
      <Extensions>mq4</Extensions>
    </Filter>
  </ItemGroup>
  <ItemGroup>
    <Text Include="ReadMe.txt" />
  </ItemGroup>
  <ItemGroup>
    <ClInclude Include="stdafx.h">
      <Filter>Header Files</Filter>
    </ClInclude>
    <ClInclude Include="targetver.h">
      <Filter>Header Files</Filter>
    </ClInclude>
    <ClInclude Include="Defines.h">
      <Filter>Header Files</Filter>
    </ClInclude>
    <ClInclude Include="fxc\fxc.h">
      <Filter>Header Files</Filter>
    </ClInclude>
    <ClInclude Include="Property.h">
      <Filter>Header Files</Filter>
    </ClInclude>
    <ClInclude Include="fxc\debug\Debug.h">
      <Filter>Header Files</Filter>
    </ClInclude>
    <ClInclude Include="fxc\ChartListener.h">
      <Filter>Header Files</Filter>
    </ClInclude>
  </ItemGroup>
  <ItemGroup>
    <ClCompile Include="stdafx.cpp">
      <Filter>Source Files</Filter>
    </ClCompile>
    <ClCompile Include="dllmain.cpp">
      <Filter>Source Files</Filter>
    </ClCompile>
    <ClCompile Include="fxconf3.cpp">
      <Filter>Source Files</Filter>
    </ClCompile>
    <ClCompile Include="fxc\Diller.cpp">
      <Filter>Source Files</Filter>
    </ClCompile>
    <ClCompile Include="fxc\Order.cpp">
      <Filter>Source Files</Filter>
    </ClCompile>
    <ClCompile Include="fxc\Parameters.cpp">
      <Filter>Source Files</Filter>
    </ClCompile>
    <ClCompile Include="fxc\fxc.cpp">
      <Filter>Source Files</Filter>
    </ClCompile>
    <ClCompile Include="fxc\strat\DefaultStrategy.cpp">
      <Filter>Source Files</Filter>
    </ClCompile>
    <ClCompile Include="MqlUtils.cpp">
      <Filter>Source Files</Filter>
    </ClCompile>
    <ClCompile Include="fxc\debug\Debug.cpp">
      <Filter>Source Files</Filter>
    </ClCompile>
    <ClCompile Include="fxc\TradeManager.cpp">
      <Filter>Source Files</Filter>
    </ClCompile>
    <ClCompile Include="fxc\OrdersManager.cpp">
      <Filter>Source Files</Filter>
    </ClCompile>
    <ClCompile Include="fxc\indicators\DefaultIndicator.cpp">
      <Filter>Source Files</Filter>
    </ClCompile>
    <ClCompile Include="fxc\ChartData.cpp">
      <Filter>Source Files</Filter>
    </ClCompile>
    <ClCompile Include="fxc\Utils.cpp">
      <Filter>Source Files</Filter>
    </ClCompile>
    <ClCompile Include="fxc\indicators\AbstractIndicator.cpp">
      <Filter>Source Files</Filter>
    </ClCompile>
    <ClCompile Include="fxc\indicators\RAIndicator.cpp">
      <Filter>Source Files</Filter>
    </ClCompile>
    <ClCompile Include="fxc\indicators\MovingAverageIndicator.cpp">
      <Filter>Source Files</Filter>
    </ClCompile>
    <ClCompile Include="fxc\TerminalInfo.cpp">
      <Filter>Source Files</Filter>
    </ClCompile>
    <ClCompile Include="fxc\strat\AbstractStrategy.cpp">
      <Filter>Source Files</Filter>
    </ClCompile>
  </ItemGroup>
  <ItemGroup>
    <None Include="mq4\Errors.mq4">
      <Filter>MT sources</Filter>
    </None>
    <None Include="mq4\Expert.mq4">
      <Filter>MT sources</Filter>
    </None>
    <None Include="mq4\Graph.mq4">
      <Filter>MT sources</Filter>
    </None>
    <None Include="mq4\Inputs.mq4">
      <Filter>MT sources</Filter>
    </None>
    <None Include="mq4\Look.mq4">
      <Filter>MT sources</Filter>
    </None>
    <None Include="mq4\Order.mq4">
      <Filter>MT sources</Filter>
    </None>
  </ItemGroup>
</Project>